PODS:
  - fishhook (0.2)
  - MTGLDebug/WithAllHeader (3.1.2):
    - fishhook (~> 0.2)
    - MTGLDebug/WithAllHeader/MRC (= 3.1.2)
  - MTGLDebug/WithAllHeader/MRC (3.1.2):
    - fishhook (~> 0.2)

DEPENDENCIES:
  - MTGLDebug/WithAllHeader (from `../`)

SPEC REPOS:
  https://github.com/cocoapods/specs.git:
    - fishhook

EXTERNAL SOURCES:
  MTGLDebug:
    :path: "../"

SPEC CHECKSUMS:
  fishhook: ea19933abfe8f2f52c55fd8b6e2718467d3ebc89
  MTGLDebug: 4883ba4da36f45a88e2c2d805d2b5a5b54ba5ad1

PODFILE CHECKSUM: 986ec8587d2cf918ea08c17be6a8934577dc8510

COCOAPODS: 1.7.4
