PODS:
  - fishhook (0.2)
  - MTGLDebug (3.0.0):
    - fishhook (~> 0.2)
    - MTGLDebug/ARC (= 3.0.0)
    - MTGLDebug/MRC (= 3.0.0)
  - MTGLDebug/ARC (3.0.0):
    - fishhook (~> 0.2)
    - MTGLDebug/MRC
  - MTGLDebug/MRC (3.0.0):
    - fishhook (~> 0.2)

DEPENDENCIES:
  - MTGLDebug (from `../`)

SPEC REPOS:
  https://github.com/cocoapods/specs.git:
    - fishhook

EXTERNAL SOURCES:
  MTGLDebug:
    :path: "../"

SPEC CHECKSUMS:
  fishhook: ea19933abfe8f2f52c55fd8b6e2718467d3ebc89
  MTGLDebug: 4884547008470589c3990f33124642184d7acb81

PODFILE CHECKSUM: d201d1c8509f4faae6de9928bc8958728871dc32

COCOAPODS: 1.6.0
