PODS:
  - fishhook (0.2)
  - MTGLDebug (3.1.0):
    - fishhook (~> 0.2)
    - MTGLDebug/ARC (= 3.1.0)
    - MTGLDebug/MRC (= 3.1.0)
  - MTGLDebug/ARC (3.1.0):
    - fishhook (~> 0.2)
    - MTGLDebug/MRC
  - MTGLDebug/MRC (3.1.0):
    - fishhook (~> 0.2)

DEPENDENCIES:
  - MTGLDebug (from `../`)

SPEC REPOS:
  https://github.com/cocoapods/specs.git:
    - fishhook

EXTERNAL SOURCES:
  MTGLDebug:
    :path: "../"

SPEC CHECKSUMS:
  fishhook: ea19933abfe8f2f52c55fd8b6e2718467d3ebc89
  MTGLDebug: 00dd831397c86bfd06cd977eae8e46b82cf5e502

PODFILE CHECKSUM: 238448fb6866e510ef90e5d461c3749787d8ebc0

COCOAPODS: 1.6.1
